
Microsoft Visual Studio Solution File, Format Version 12.00
# Visual Studio Version 17
VisualStudioVersion = 17.7.34221.43
MinimumVisualStudioVersion = 10.0.40219.1
Project("{FAE04EC0-301F-11D3-BF4B-00C04F79EFBC}") = "Array_List_task_2", "Array_List_task_2\Array_List_task_2.csproj", "{9313F037-1784-4A7D-8AC0-AF672910DFF3}"
EndProject
Global
	GlobalSection(SolutionConfigurationPlatforms) = preSolution
		Debug|Any CPU = Debug|Any CPU
		Release|Any CPU = Release|Any CPU
	EndGlobalSection
	GlobalSection(ProjectConfigurationPlatforms) = postSolution
		{9313F037-1784-4A7D-8AC0-AF672910DFF3}.Debug|Any CPU.ActiveCfg = Debug|Any CPU
		{9313F037-1784-4A7D-8AC0-AF672910DFF3}.Debug|Any CPU.Build.0 = Debug|Any CPU
		{9313F037-1784-4A7D-8AC0-AF672910DFF3}.Release|Any CPU.ActiveCfg = Release|Any CPU
		{9313F037-1784-4A7D-8AC0-AF672910DFF3}.Release|Any CPU.Build.0 = Release|Any CPU
	EndGlobalSection
	GlobalSection(SolutionProperties) = preSolution
		HideSolutionNode = FALSE
	EndGlobalSection
	GlobalSection(ExtensibilityGlobals) = postSolution
		SolutionGuid = {AB4A9970-4D1B-4CFA-B14C-2D4BDC552D78}
	EndGlobalSection
EndGlobal
